
Microsoft Visual Studio Solution File, Format Version 12.00
# Visual Studio Version 17
VisualStudioVersion = 17.5.2.0
MinimumVisualStudioVersion = 10.0.40219.1
Project("{FAE04EC0-301F-11D3-BF4B-00C04F79EFBC}") = "VisitorManagementSystem.Api", "VisitorManagementSystem.Api.csproj", "{1AEAB1F4-E987-49D7-ECE9-52AFD483602F}"
EndProject
Project("{2150E333-8FDC-42A3-9474-1A3956D46DE8}") = "tools", "tools", "{07C2787E-EAC7-C090-1BA3-A61EC2A24D84}"
EndProject
Project("{FAE04EC0-301F-11D3-BF4B-00C04F79EFBC}") = "Vms.DatabaseMigrator", "tools\Vms.DatabaseMigrator\Vms.DatabaseMigrator.csproj", "{5B3DBC32-C9B5-4305-B84B-E5EA99231D24}"
EndProject
Project("{2150E333-8FDC-42A3-9474-1A3956D46DE8}") = "tests", "tests", "{0AB3BF05-4346-4AA6-1389-037BE0695223}"
EndProject
Project("{FAE04EC0-301F-11D3-BF4B-00C04F79EFBC}") = "VisitorManagementSystem.Api.Tests", "tests\VisitorManagementSystem.Api.Tests\VisitorManagementSystem.Api.Tests.csproj", "{A540AA71-BF42-477B-A019-836F141E3FB1}"
EndProject
Global
	GlobalSection(SolutionConfigurationPlatforms) = preSolution
		Debug|Any CPU = Debug|Any CPU
		Debug|x64 = Debug|x64
		Debug|x86 = Debug|x86
		Release|Any CPU = Release|Any CPU
		Release|x64 = Release|x64
		Release|x86 = Release|x86
	EndGlobalSection
	GlobalSection(ProjectConfigurationPlatforms) = postSolution
		{1AEAB1F4-E987-49D7-ECE9-52AFD483602F}.Debug|Any CPU.ActiveCfg = Debug|Any CPU
		{1AEAB1F4-E987-49D7-ECE9-52AFD483602F}.Debug|Any CPU.Build.0 = Debug|Any CPU
		{1AEAB1F4-E987-49D7-ECE9-52AFD483602F}.Debug|x64.ActiveCfg = Debug|Any CPU
		{1AEAB1F4-E987-49D7-ECE9-52AFD483602F}.Debug|x64.Build.0 = Debug|Any CPU
		{1AEAB1F4-E987-49D7-ECE9-52AFD483602F}.Debug|x86.ActiveCfg = Debug|Any CPU
		{1AEAB1F4-E987-49D7-ECE9-52AFD483602F}.Debug|x86.Build.0 = Debug|Any CPU
		{1AEAB1F4-E987-49D7-ECE9-52AFD483602F}.Release|Any CPU.ActiveCfg = Release|Any CPU
		{1AEAB1F4-E987-49D7-ECE9-52AFD483602F}.Release|Any CPU.Build.0 = Release|Any CPU
		{1AEAB1F4-E987-49D7-ECE9-52AFD483602F}.Release|x64.ActiveCfg = Release|Any CPU
		{1AEAB1F4-E987-49D7-ECE9-52AFD483602F}.Release|x64.Build.0 = Release|Any CPU
		{1AEAB1F4-E987-49D7-ECE9-52AFD483602F}.Release|x86.ActiveCfg = Release|Any CPU
		{1AEAB1F4-E987-49D7-ECE9-52AFD483602F}.Release|x86.Build.0 = Release|Any CPU
		{5B3DBC32-C9B5-4305-B84B-E5EA99231D24}.Debug|Any CPU.ActiveCfg = Debug|Any CPU
		{5B3DBC32-C9B5-4305-B84B-E5EA99231D24}.Debug|Any CPU.Build.0 = Debug|Any CPU
		{5B3DBC32-C9B5-4305-B84B-E5EA99231D24}.Debug|x64.ActiveCfg = Debug|Any CPU
		{5B3DBC32-C9B5-4305-B84B-E5EA99231D24}.Debug|x64.Build.0 = Debug|Any CPU
		{5B3DBC32-C9B5-4305-B84B-E5EA99231D24}.Debug|x86.ActiveCfg = Debug|Any CPU
		{5B3DBC32-C9B5-4305-B84B-E5EA99231D24}.Debug|x86.Build.0 = Debug|Any CPU
		{5B3DBC32-C9B5-4305-B84B-E5EA99231D24}.Release|Any CPU.ActiveCfg = Release|Any CPU
		{5B3DBC32-C9B5-4305-B84B-E5EA99231D24}.Release|Any CPU.Build.0 = Release|Any CPU
		{5B3DBC32-C9B5-4305-B84B-E5EA99231D24}.Release|x64.ActiveCfg = Release|Any CPU
		{5B3DBC32-C9B5-4305-B84B-E5EA99231D24}.Release|x64.Build.0 = Release|Any CPU
		{5B3DBC32-C9B5-4305-B84B-E5EA99231D24}.Release|x86.ActiveCfg = Release|Any CPU
		{5B3DBC32-C9B5-4305-B84B-E5EA99231D24}.Release|x86.Build.0 = Release|Any CPU
		{A540AA71-BF42-477B-A019-836F141E3FB1}.Debug|Any CPU.ActiveCfg = Debug|Any CPU
		{A540AA71-BF42-477B-A019-836F141E3FB1}.Debug|Any CPU.Build.0 = Debug|Any CPU
		{A540AA71-BF42-477B-A019-836F141E3FB1}.Debug|x64.ActiveCfg = Debug|Any CPU
		{A540AA71-BF42-477B-A019-836F141E3FB1}.Debug|x64.Build.0 = Debug|Any CPU
		{A540AA71-BF42-477B-A019-836F141E3FB1}.Debug|x86.ActiveCfg = Debug|Any CPU
		{A540AA71-BF42-477B-A019-836F141E3FB1}.Debug|x86.Build.0 = Debug|Any CPU
		{A540AA71-BF42-477B-A019-836F141E3FB1}.Release|Any CPU.ActiveCfg = Release|Any CPU
		{A540AA71-BF42-477B-A019-836F141E3FB1}.Release|Any CPU.Build.0 = Release|Any CPU
		{A540AA71-BF42-477B-A019-836F141E3FB1}.Release|x64.ActiveCfg = Release|Any CPU
		{A540AA71-BF42-477B-A019-836F141E3FB1}.Release|x64.Build.0 = Release|Any CPU
		{A540AA71-BF42-477B-A019-836F141E3FB1}.Release|x86.ActiveCfg = Release|Any CPU
		{A540AA71-BF42-477B-A019-836F141E3FB1}.Release|x86.Build.0 = Release|Any CPU
	EndGlobalSection
	GlobalSection(SolutionProperties) = preSolution
		HideSolutionNode = FALSE
	EndGlobalSection
	GlobalSection(NestedProjects) = preSolution
		{5B3DBC32-C9B5-4305-B84B-E5EA99231D24} = {07C2787E-EAC7-C090-1BA3-A61EC2A24D84}
		{A540AA71-BF42-477B-A019-836F141E3FB1} = {0AB3BF05-4346-4AA6-1389-037BE0695223}
	EndGlobalSection
	GlobalSection(ExtensibilityGlobals) = postSolution
		SolutionGuid = {12B99AC3-A442-4CDB-BA40-A5F56833EB4D}
	EndGlobalSection
EndGlobal
